
Microsoft Visual Studio Solution File, Format Version 12.00
# Visual Studio 15
VisualStudioVersion = 15.0.28307.106
MinimumVisualStudioVersion = 10.0.40219.1
Project("{FAE04EC0-301F-11D3-BF4B-00C04F79EFBC}") = "WebApp", "WebApplication1\WebApp.csproj", "{91789D9F-3372-4E09-B6ED-1B6506886803}"
EndProject
Project("{FAE04EC0-301F-11D3-BF4B-00C04F79EFBC}") = "委托和事件", "委托和事件\委托和事件.csproj", "{08DE04F6-42C7-4BD8-A6B7-76BFD05CE5C3}"
EndProject
Project("{FAE04EC0-301F-11D3-BF4B-00C04F79EFBC}") = "内置委托Func和Action", "内置委托Func和Action\内置委托Func和Action.csproj", "{2FA311A6-C882-46DA-B6AE-FB5AA3CCEBE5}"
EndProject
Global
	GlobalSection(SolutionConfigurationPlatforms) = preSolution
		Debug|Any CPU = Debug|Any CPU
		Release|Any CPU = Release|Any CPU
	EndGlobalSection
	GlobalSection(ProjectConfigurationPlatforms) = postSolution
		{91789D9F-3372-4E09-B6ED-1B6506886803}.Debug|Any CPU.ActiveCfg = Debug|Any CPU
		{91789D9F-3372-4E09-B6ED-1B6506886803}.Debug|Any CPU.Build.0 = Debug|Any CPU
		{91789D9F-3372-4E09-B6ED-1B6506886803}.Release|Any CPU.ActiveCfg = Release|Any CPU
		{91789D9F-3372-4E09-B6ED-1B6506886803}.Release|Any CPU.Build.0 = Release|Any CPU
		{08DE04F6-42C7-4BD8-A6B7-76BFD05CE5C3}.Debug|Any CPU.ActiveCfg = Debug|Any CPU
		{08DE04F6-42C7-4BD8-A6B7-76BFD05CE5C3}.Debug|Any CPU.Build.0 = Debug|Any CPU
		{08DE04F6-42C7-4BD8-A6B7-76BFD05CE5C3}.Release|Any CPU.ActiveCfg = Release|Any CPU
		{08DE04F6-42C7-4BD8-A6B7-76BFD05CE5C3}.Release|Any CPU.Build.0 = Release|Any CPU
		{2FA311A6-C882-46DA-B6AE-FB5AA3CCEBE5}.Debug|Any CPU.ActiveCfg = Debug|Any CPU
		{2FA311A6-C882-46DA-B6AE-FB5AA3CCEBE5}.Debug|Any CPU.Build.0 = Debug|Any CPU
		{2FA311A6-C882-46DA-B6AE-FB5AA3CCEBE5}.Release|Any CPU.ActiveCfg = Release|Any CPU
		{2FA311A6-C882-46DA-B6AE-FB5AA3CCEBE5}.Release|Any CPU.Build.0 = Release|Any CPU
	EndGlobalSection
	GlobalSection(SolutionProperties) = preSolution
		HideSolutionNode = FALSE
	EndGlobalSection
	GlobalSection(ExtensibilityGlobals) = postSolution
		SolutionGuid = {2EB5F1B2-5133-474F-8048-706CC3D523CB}
	EndGlobalSection
EndGlobal
